
Microsoft Visual Studio Solution File, Format Version 12.00
# Visual Studio 2012
Project("{FAE04EC0-301F-11D3-BF4B-00C04F79EFBC}") = "homework6", "homework6\homework6.csproj", "{FE47C2E6-BB45-43D3-8D81-E10E5B9A637C}"
EndProject
Global
	GlobalSection(SolutionConfigurationPlatforms) = preSolution
		Debug|Any CPU = Debug|Any CPU
		Release|Any CPU = Release|Any CPU
	EndGlobalSection
	GlobalSection(ProjectConfigurationPlatforms) = postSolution
		{FE47C2E6-BB45-43D3-8D81-E10E5B9A637C}.Debug|Any CPU.ActiveCfg = Debug|Any CPU
		{FE47C2E6-BB45-43D3-8D81-E10E5B9A637C}.Debug|Any CPU.Build.0 = Debug|Any CPU
		{FE47C2E6-BB45-43D3-8D81-E10E5B9A637C}.Release|Any CPU.ActiveCfg = Release|Any CPU
		{FE47C2E6-BB45-43D3-8D81-E10E5B9A637C}.Release|Any CPU.Build.0 = Release|Any CPU
	EndGlobalSection
	GlobalSection(SolutionProperties) = preSolution
		HideSolutionNode = FALSE
	EndGlobalSection
EndGlobal
